
Microsoft Visual Studio Solution File, Format Version 12.00
# Visual Studio Version 17
VisualStudioVersion = 17.4.33103.184
MinimumVisualStudioVersion = 10.0.40219.1
Project("{2150E333-8FDC-42A3-9474-1A3956D46DE8}") = "Core", "Core", "{FF8025AC-E85D-4554-8CAF-1709279E4D12}"
EndProject
Project("{2150E333-8FDC-42A3-9474-1A3956D46DE8}") = "Infrastructure", "Infrastructure", "{6A07197E-DD4B-483C-8809-9AF6AB71492E}"
EndProject
Project("{2150E333-8FDC-42A3-9474-1A3956D46DE8}") = "Presentation", "Presentation", "{06BA0056-7B4C-4336-97AA-50D915526283}"
EndProject
Project("{2150E333-8FDC-42A3-9474-1A3956D46DE8}") = "Tests", "Tests", "{0FFE9957-74A9-40AC-BCFE-116A8F792890}"
EndProject
Project("{FAE04EC0-301F-11D3-BF4B-00C04F79EFBC}") = "BookShop.Domain", "BookShop.Domain\BookShop.Domain.csproj", "{ADF3AE5E-5B1F-47DC-BEDE-87B6BCA3B9DF}"
EndProject
Project("{FAE04EC0-301F-11D3-BF4B-00C04F79EFBC}") = "BookShop.Application", "BookShop.Application\BookShop.Application.csproj", "{D78894E7-71CA-48A0-8E2B-9FAD91FB0290}"
EndProject
Global
	GlobalSection(SolutionConfigurationPlatforms) = preSolution
		Debug|Any CPU = Debug|Any CPU
		Release|Any CPU = Release|Any CPU
	EndGlobalSection
	GlobalSection(ProjectConfigurationPlatforms) = postSolution
		{ADF3AE5E-5B1F-47DC-BEDE-87B6BCA3B9DF}.Debug|Any CPU.ActiveCfg = Debug|Any CPU
		{ADF3AE5E-5B1F-47DC-BEDE-87B6BCA3B9DF}.Debug|Any CPU.Build.0 = Debug|Any CPU
		{ADF3AE5E-5B1F-47DC-BEDE-87B6BCA3B9DF}.Release|Any CPU.ActiveCfg = Release|Any CPU
		{ADF3AE5E-5B1F-47DC-BEDE-87B6BCA3B9DF}.Release|Any CPU.Build.0 = Release|Any CPU
		{D78894E7-71CA-48A0-8E2B-9FAD91FB0290}.Debug|Any CPU.ActiveCfg = Debug|Any CPU
		{D78894E7-71CA-48A0-8E2B-9FAD91FB0290}.Debug|Any CPU.Build.0 = Debug|Any CPU
		{D78894E7-71CA-48A0-8E2B-9FAD91FB0290}.Release|Any CPU.ActiveCfg = Release|Any CPU
		{D78894E7-71CA-48A0-8E2B-9FAD91FB0290}.Release|Any CPU.Build.0 = Release|Any CPU
	EndGlobalSection
	GlobalSection(SolutionProperties) = preSolution
		HideSolutionNode = FALSE
	EndGlobalSection
	GlobalSection(NestedProjects) = preSolution
		{ADF3AE5E-5B1F-47DC-BEDE-87B6BCA3B9DF} = {FF8025AC-E85D-4554-8CAF-1709279E4D12}
		{D78894E7-71CA-48A0-8E2B-9FAD91FB0290} = {FF8025AC-E85D-4554-8CAF-1709279E4D12}
	EndGlobalSection
	GlobalSection(ExtensibilityGlobals) = postSolution
		SolutionGuid = {748A5C1B-7441-427B-AF8A-8FA02386E17F}
	EndGlobalSection
EndGlobal
